
Microsoft Visual Studio Solution File, Format Version 12.00
# Visual Studio Version 16
VisualStudioVersion = 16.0.30717.126
MinimumVisualStudioVersion = 10.0.40219.1
Project("{FAE04EC0-301F-11D3-BF4B-00C04F79EFBC}") = "Coding_Test", "Coding_Test\Coding_Test.csproj", "{A1A0430C-1524-4784-BEF3-8FA8B84587EF}"
EndProject
Global
	GlobalSection(SolutionConfigurationPlatforms) = preSolution
		Debug|Any CPU = Debug|Any CPU
		Release|Any CPU = Release|Any CPU
	EndGlobalSection
	GlobalSection(ProjectConfigurationPlatforms) = postSolution
		{A1A0430C-1524-4784-BEF3-8FA8B84587EF}.Debug|Any CPU.ActiveCfg = Debug|Any CPU
		{A1A0430C-1524-4784-BEF3-8FA8B84587EF}.Debug|Any CPU.Build.0 = Debug|Any CPU
		{A1A0430C-1524-4784-BEF3-8FA8B84587EF}.Release|Any CPU.ActiveCfg = Release|Any CPU
		{A1A0430C-1524-4784-BEF3-8FA8B84587EF}.Release|Any CPU.Build.0 = Release|Any CPU
	EndGlobalSection
	GlobalSection(SolutionProperties) = preSolution
		HideSolutionNode = FALSE
	EndGlobalSection
	GlobalSection(ExtensibilityGlobals) = postSolution
		SolutionGuid = {7AFF5992-E185-4CEF-B378-4405C2C4C5A3}
	EndGlobalSection
EndGlobal
